
Microsoft Visual Studio Solution File, Format Version 11.00
# Visual C# Express 2010
Project("{FAE04EC0-301F-11D3-BF4B-00C04F79EFBC}") = "Chapter6Problems", "Chapter6Problems\Chapter6Problems.csproj", "{963CBF11-D409-45B9-8FA4-1342FC5BB3F2}"
EndProject
Project("{FAE04EC0-301F-11D3-BF4B-00C04F79EFBC}") = "Number.cs", "Number.cs\Number.cs.csproj", "{451BB63D-0DC1-420D-B09F-57C2368B251F}"
EndProject
Project("{FAE04EC0-301F-11D3-BF4B-00C04F79EFBC}") = "Numbers2.cs", "Numbers2.cs\Numbers2.cs.csproj", "{43E51F69-1C83-4731-B3F8-66B39DDCD363}"
EndProject
Project("{FAE04EC0-301F-11D3-BF4B-00C04F79EFBC}") = "InchesToFeet.cs", "InchesToFeet.cs\InchesToFeet.cs.csproj", "{3021E9CF-5354-424A-9947-A467E596932E}"
EndProject
Global
	GlobalSection(SolutionConfigurationPlatforms) = preSolution
		Debug|x86 = Debug|x86
		Release|x86 = Release|x86
	EndGlobalSection
	GlobalSection(ProjectConfigurationPlatforms) = postSolution
		{963CBF11-D409-45B9-8FA4-1342FC5BB3F2}.Debug|x86.ActiveCfg = Debug|x86
		{963CBF11-D409-45B9-8FA4-1342FC5BB3F2}.Debug|x86.Build.0 = Debug|x86
		{963CBF11-D409-45B9-8FA4-1342FC5BB3F2}.Release|x86.ActiveCfg = Release|x86
		{963CBF11-D409-45B9-8FA4-1342FC5BB3F2}.Release|x86.Build.0 = Release|x86
		{451BB63D-0DC1-420D-B09F-57C2368B251F}.Debug|x86.ActiveCfg = Debug|x86
		{451BB63D-0DC1-420D-B09F-57C2368B251F}.Debug|x86.Build.0 = Debug|x86
		{451BB63D-0DC1-420D-B09F-57C2368B251F}.Release|x86.ActiveCfg = Release|x86
		{451BB63D-0DC1-420D-B09F-57C2368B251F}.Release|x86.Build.0 = Release|x86
		{43E51F69-1C83-4731-B3F8-66B39DDCD363}.Debug|x86.ActiveCfg = Debug|x86
		{43E51F69-1C83-4731-B3F8-66B39DDCD363}.Debug|x86.Build.0 = Debug|x86
		{43E51F69-1C83-4731-B3F8-66B39DDCD363}.Release|x86.ActiveCfg = Release|x86
		{43E51F69-1C83-4731-B3F8-66B39DDCD363}.Release|x86.Build.0 = Release|x86
		{3021E9CF-5354-424A-9947-A467E596932E}.Debug|x86.ActiveCfg = Debug|x86
		{3021E9CF-5354-424A-9947-A467E596932E}.Debug|x86.Build.0 = Debug|x86
		{3021E9CF-5354-424A-9947-A467E596932E}.Release|x86.ActiveCfg = Release|x86
		{3021E9CF-5354-424A-9947-A467E596932E}.Release|x86.Build.0 = Release|x86
	EndGlobalSection
	GlobalSection(SolutionProperties) = preSolution
		HideSolutionNode = FALSE
	EndGlobalSection
EndGlobal
